
Microsoft Visual Studio Solution File, Format Version 12.00
# Visual Studio Version 17
VisualStudioVersion = 17.0.31903.59
MinimumVisualStudioVersion = 10.0.40219.1
Project("{FAE04EC0-301F-11D3-BF4B-00C04F79EFBC}") = "LedBlinkingApp", "LedBlinkingApp\LedBlinkingApp.csproj", "{9F9A7851-3F57-487A-9F99-AEAE42E1616A}"
EndProject
Project("{FAE04EC0-301F-11D3-BF4B-00C04F79EFBC}") = "DHT11SensorApp", "DHT11SensorApp\DHT11SensorApp.csproj", "{B27B457F-EABF-47E4-9F53-9A0B4E8D2D4D}"
EndProject
Project("{FAE04EC0-301F-11D3-BF4B-00C04F79EFBC}") = "SensorMotionApp", "SensorMotionApp\SensorMotionApp.csproj", "{ED549D8F-53DE-43F4-84A2-3889E74C9856}"
EndProject
Project("{FAE04EC0-301F-11D3-BF4B-00C04F79EFBC}") = "DHT22SensorApp", "DHT22SensorApp\DHT22SensorApp.csproj", "{0E871D12-CC8C-46CB-96C7-3A2CBCC625A9}"
EndProject
Project("{FAE04EC0-301F-11D3-BF4B-00C04F79EFBC}") = "SecureCameraApp", "SecureCameraApp\SecureCameraApp.csproj", "{CC5D73CF-71C1-4A61-B381-833FED742873}"
EndProject
Project("{FAE04EC0-301F-11D3-BF4B-00C04F79EFBC}") = "PlayGroundApp", "PlayGroundApp\PlayGroundApp.csproj", "{4BA1C08B-C298-4631-B771-CBC9338AC91B}"
EndProject
Project("{FAE04EC0-301F-11D3-BF4B-00C04F79EFBC}") = "I2C_LCD1602App", "I2C_LCD1602App\I2C_LCD1602App.csproj", "{828C133A-5F1C-4C0F-A9DC-5A4483723750}"
EndProject
Project("{FAE04EC0-301F-11D3-BF4B-00C04F79EFBC}") = "RaspCameraLibrary", "RaspCameraLibrary\RaspCameraLibrary.csproj", "{00503C76-CDCE-4D47-8FFE-0D9CFB5D18E0}"
EndProject
Global
	GlobalSection(SolutionConfigurationPlatforms) = preSolution
		Debug|Any CPU = Debug|Any CPU
		Release|Any CPU = Release|Any CPU
	EndGlobalSection
	GlobalSection(SolutionProperties) = preSolution
		HideSolutionNode = FALSE
	EndGlobalSection
	GlobalSection(ProjectConfigurationPlatforms) = postSolution
		{9F9A7851-3F57-487A-9F99-AEAE42E1616A}.Debug|Any CPU.ActiveCfg = Debug|Any CPU
		{9F9A7851-3F57-487A-9F99-AEAE42E1616A}.Debug|Any CPU.Build.0 = Debug|Any CPU
		{9F9A7851-3F57-487A-9F99-AEAE42E1616A}.Release|Any CPU.ActiveCfg = Release|Any CPU
		{9F9A7851-3F57-487A-9F99-AEAE42E1616A}.Release|Any CPU.Build.0 = Release|Any CPU
		{B27B457F-EABF-47E4-9F53-9A0B4E8D2D4D}.Debug|Any CPU.ActiveCfg = Debug|Any CPU
		{B27B457F-EABF-47E4-9F53-9A0B4E8D2D4D}.Debug|Any CPU.Build.0 = Debug|Any CPU
		{B27B457F-EABF-47E4-9F53-9A0B4E8D2D4D}.Release|Any CPU.ActiveCfg = Release|Any CPU
		{B27B457F-EABF-47E4-9F53-9A0B4E8D2D4D}.Release|Any CPU.Build.0 = Release|Any CPU
		{ED549D8F-53DE-43F4-84A2-3889E74C9856}.Debug|Any CPU.ActiveCfg = Debug|Any CPU
		{ED549D8F-53DE-43F4-84A2-3889E74C9856}.Debug|Any CPU.Build.0 = Debug|Any CPU
		{ED549D8F-53DE-43F4-84A2-3889E74C9856}.Release|Any CPU.ActiveCfg = Release|Any CPU
		{ED549D8F-53DE-43F4-84A2-3889E74C9856}.Release|Any CPU.Build.0 = Release|Any CPU
		{0E871D12-CC8C-46CB-96C7-3A2CBCC625A9}.Debug|Any CPU.ActiveCfg = Debug|Any CPU
		{0E871D12-CC8C-46CB-96C7-3A2CBCC625A9}.Debug|Any CPU.Build.0 = Debug|Any CPU
		{0E871D12-CC8C-46CB-96C7-3A2CBCC625A9}.Release|Any CPU.ActiveCfg = Release|Any CPU
		{0E871D12-CC8C-46CB-96C7-3A2CBCC625A9}.Release|Any CPU.Build.0 = Release|Any CPU
		{CC5D73CF-71C1-4A61-B381-833FED742873}.Debug|Any CPU.ActiveCfg = Debug|Any CPU
		{CC5D73CF-71C1-4A61-B381-833FED742873}.Debug|Any CPU.Build.0 = Debug|Any CPU
		{CC5D73CF-71C1-4A61-B381-833FED742873}.Release|Any CPU.ActiveCfg = Release|Any CPU
		{CC5D73CF-71C1-4A61-B381-833FED742873}.Release|Any CPU.Build.0 = Release|Any CPU
		{4BA1C08B-C298-4631-B771-CBC9338AC91B}.Debug|Any CPU.ActiveCfg = Debug|Any CPU
		{4BA1C08B-C298-4631-B771-CBC9338AC91B}.Debug|Any CPU.Build.0 = Debug|Any CPU
		{4BA1C08B-C298-4631-B771-CBC9338AC91B}.Release|Any CPU.ActiveCfg = Release|Any CPU
		{4BA1C08B-C298-4631-B771-CBC9338AC91B}.Release|Any CPU.Build.0 = Release|Any CPU
		{828C133A-5F1C-4C0F-A9DC-5A4483723750}.Debug|Any CPU.ActiveCfg = Debug|Any CPU
		{828C133A-5F1C-4C0F-A9DC-5A4483723750}.Debug|Any CPU.Build.0 = Debug|Any CPU
		{828C133A-5F1C-4C0F-A9DC-5A4483723750}.Release|Any CPU.ActiveCfg = Release|Any CPU
		{828C133A-5F1C-4C0F-A9DC-5A4483723750}.Release|Any CPU.Build.0 = Release|Any CPU
		{00503C76-CDCE-4D47-8FFE-0D9CFB5D18E0}.Debug|Any CPU.ActiveCfg = Debug|Any CPU
		{00503C76-CDCE-4D47-8FFE-0D9CFB5D18E0}.Debug|Any CPU.Build.0 = Debug|Any CPU
		{00503C76-CDCE-4D47-8FFE-0D9CFB5D18E0}.Release|Any CPU.ActiveCfg = Release|Any CPU
		{00503C76-CDCE-4D47-8FFE-0D9CFB5D18E0}.Release|Any CPU.Build.0 = Release|Any CPU
	EndGlobalSection
EndGlobal
